// !$*UTF8*$!
{
	archiveVersion = 1;
	classes = {
	};
	objectVersion = 50;
	objects = {

/* Begin PBXBuildFile section */
		17F1CABEBEB40432BFB20FA0 /* libPods-DemoTests.a in Frameworks */ = {isa = PBXBuildFile; fileRef = 5ED803064D6EF68594BD5572 /* libPods-DemoTests.a */; };
		47FE45DF56FAF65E00E13C29 /* libPods-Demo.a in Frameworks */ = {isa = PBXBuildFile; fileRef = A70719DC5C0B7C857B3A4C44 /* libPods-Demo.a */; };
		811996BA22CDE27000AFE4B4 /* AppDelegate.m in Sources */ = {isa = PBXBuildFile; fileRef = 811996B922CDE27000AFE4B4 /* AppDelegate.m */; };
		811996BD22CDE27000AFE4B4 /* ViewController.m in Sources */ = {isa = PBXBuildFile; fileRef = 811996BC22CDE27000AFE4B4 /* ViewController.m */; };
		811996C022CDE27000AFE4B4 /* Main.storyboard in Resources */ = {isa = PBXBuildFile; fileRef = 811996BE22CDE27000AFE4B4 /* Main.storyboard */; };
		811996C222CDE27100AFE4B4 /* Assets.xcassets in Resources */ = {isa = PBXBuildFile; fileRef = 811996C122CDE27100AFE4B4 /* Assets.xcassets */; };
		811996C522CDE27100AFE4B4 /* LaunchScreen.storyboard in Resources */ = {isa = PBXBuildFile; fileRef = 811996C322CDE27100AFE4B4 /* LaunchScreen.storyboard */; };
		811996C822CDE27100AFE4B4 /* main.m in Sources */ = {isa = PBXBuildFile; fileRef = 811996C722CDE27100AFE4B4 /* main.m */; };
		811996D222CDE27100AFE4B4 /* DemoTests.m in Sources */ = {isa = PBXBuildFile; fileRef = 811996D122CDE27100AFE4B4 /* DemoTests.m */; };
		811996DD22CDE27100AFE4B4 /* DemoUITests.m in Sources */ = {isa = PBXBuildFile; fileRef = 811996DC22CDE27100AFE4B4 /* DemoUITests.m */; };
		A8DFD75BE199E33EE7FC97AB /* libPods-DemoUITests.a in Frameworks */ = {isa = PBXBuildFile; fileRef = 446BC370A5318A17621195B3 /* libPods-DemoUITests.a */; };
/* End PBXBuildFile section */

/* Begin PBXContainerItemProxy section */
		811996CE22CDE27100AFE4B4 /* PBXContainerItemProxy */ = {
			isa = PBXContainerItemProxy;
			containerPortal = 811996AD22CDE27000AFE4B4 /* Project object */;
			proxyType = 1;
			remoteGlobalIDString = 811996B422CDE27000AFE4B4;
			remoteInfo = Demo;
		};
		811996D922CDE27100AFE4B4 /* PBXContainerItemProxy */ = {
			isa = PBXContainerItemProxy;
			containerPortal = 811996AD22CDE27000AFE4B4 /* Project object */;
			proxyType = 1;
			remoteGlobalIDString = 811996B422CDE27000AFE4B4;
			remoteInfo = Demo;
		};
/* End PBXContainerItemProxy section */

/* Begin PBXFileReference section */
		0F1A5FBA66F78F86D94FE921 /* Pods-DemoTests.release.xcconfig */ = {isa = PBXFileReference; includeInIndex = 1; lastKnownFileType = text.xcconfig; name = "Pods-DemoTests.release.xcconfig"; path = "Target Support Files/Pods-DemoTests/Pods-DemoTests.release.xcconfig"; sourceTree = "<group>"; };
		30CE467A431B3FA6775E48F8 /* Pods-DemoUITests.debug.xcconfig */ = {isa = PBXFileReference; includeInIndex = 1; lastKnownFileType = text.xcconfig; name = "Pods-DemoUITests.debug.xcconfig"; path = "Target Support Files/Pods-DemoUITests/Pods-DemoUITests.debug.xcconfig"; sourceTree = "<group>"; };
		4157FB3404ECC2A119A7AEF8 /* Pods-Demo.debug.xcconfig */ = {isa = PBXFileReference; includeInIndex = 1; lastKnownFileType = text.xcconfig; name = "Pods-Demo.debug.xcconfig"; path = "Target Support Files/Pods-Demo/Pods-Demo.debug.xcconfig"; sourceTree = "<group>"; };
		446BC370A5318A17621195B3 /* libPods-DemoUITests.a */ = {isa = PBXFileReference; explicitFileType = archive.ar; includeInIndex = 0; path = "libPods-DemoUITests.a"; sourceTree = BUILT_PRODUCTS_DIR; };
		5ED803064D6EF68594BD5572 /* libPods-DemoTests.a */ = {isa = PBXFileReference; explicitFileType = archive.ar; includeInIndex = 0; path = "libPods-DemoTests.a"; sourceTree = BUILT_PRODUCTS_DIR; };
		811996B522CDE27000AFE4B4 /* Demo.app */ = {isa = PBXFileReference; explicitFileType = wrapper.application; includeInIndex = 0; path = Demo.app; sourceTree = BUILT_PRODUCTS_DIR; };
		811996B822CDE27000AFE4B4 /* AppDelegate.h */ = {isa = PBXFileReference; lastKnownFileType = sourcecode.c.h; path = AppDelegate.h; sourceTree = "<group>"; };
		811996B922CDE27000AFE4B4 /* AppDelegate.m */ = {isa = PBXFileReference; lastKnownFileType = sourcecode.c.objc; path = AppDelegate.m; sourceTree = "<group>"; };
		811996BB22CDE27000AFE4B4 /* ViewController.h */ = {isa = PBXFileReference; lastKnownFileType = sourcecode.c.h; path = ViewController.h; sourceTree = "<group>"; };
		811996BC22CDE27000AFE4B4 /* ViewController.m */ = {isa = PBXFileReference; lastKnownFileType = sourcecode.c.objc; path = ViewController.m; sourceTree = "<group>"; };
		811996BF22CDE27000AFE4B4 /* Base */ = {isa = PBXFileReference; lastKnownFileType = file.storyboard; name = Base; path = Base.lproj/Main.storyboard; sourceTree = "<group>"; };
		811996C122CDE27100AFE4B4 /* Assets.xcassets */ = {isa = PBXFileReference; lastKnownFileType = folder.assetcatalog; path = Assets.xcassets; sourceTree = "<group>"; };
		811996C422CDE27100AFE4B4 /* Base */ = {isa = PBXFileReference; lastKnownFileType = file.storyboard; name = Base; path = Base.lproj/LaunchScreen.storyboard; sourceTree = "<group>"; };
		811996C622CDE27100AFE4B4 /* Info.plist */ = {isa = PBXFileReference; lastKnownFileType = text.plist.xml; path = Info.plist; sourceTree = "<group>"; };
		811996C722CDE27100AFE4B4 /* main.m */ = {isa = PBXFileReference; lastKnownFileType = sourcecode.c.objc; path = main.m; sourceTree = "<group>"; };
		811996CD22CDE27100AFE4B4 /* DemoTests.xctest */ = {isa = PBXFileReference; explicitFileType = wrapper.cfbundle; includeInIndex = 0; path = DemoTests.xctest; sourceTree = BUILT_PRODUCTS_DIR; };
		811996D122CDE27100AFE4B4 /* DemoTests.m */ = {isa = PBXFileReference; lastKnownFileType = sourcecode.c.objc; path = DemoTests.m; sourceTree = "<group>"; };
		811996D322CDE27100AFE4B4 /* Info.plist */ = {isa = PBXFileReference; lastKnownFileType = text.plist.xml; path = Info.plist; sourceTree = "<group>"; };
		811996D822CDE27100AFE4B4 /* DemoUITests.xctest */ = {isa = PBXFileReference; explicitFileType = wrapper.cfbundle; includeInIndex = 0; path = DemoUITests.xctest; sourceTree = BUILT_PRODUCTS_DIR; };
		811996DC22CDE27100AFE4B4 /* DemoUITests.m */ = {isa = PBXFileReference; lastKnownFileType = sourcecode.c.objc; path = DemoUITests.m; sourceTree = "<group>"; };
		811996DE22CDE27100AFE4B4 /* Info.plist */ = {isa = PBXFileReference; lastKnownFileType = text.plist.xml; path = Info.plist; sourceTree = "<group>"; };
		8993E0B8594E9657C4675FBC /* Pods-Demo.release.xcconfig */ = {isa = PBXFileReference; includeInIndex = 1; lastKnownFileType = text.xcconfig; name = "Pods-Demo.release.xcconfig"; path = "Target Support Files/Pods-Demo/Pods-Demo.release.xcconfig"; sourceTree = "<group>"; };
		A70719DC5C0B7C857B3A4C44 /* libPods-Demo.a */ = {isa = PBXFileReference; explicitFileType = archive.ar; includeInIndex = 0; path = "libPods-Demo.a"; sourceTree = BUILT_PRODUCTS_DIR; };
		AC9F85AEB7423A37F117BBC8 /* Pods-DemoUITests.release.xcconfig */ = {isa = PBXFileReference; includeInIndex = 1; lastKnownFileType = text.xcconfig; name = "Pods-DemoUITests.release.xcconfig"; path = "Target Support Files/Pods-DemoUITests/Pods-DemoUITests.release.xcconfig"; sourceTree = "<group>"; };
		CC541745B16B17FEAC9B1F01 /* Pods-DemoTests.debug.xcconfig */ = {isa = PBXFileReference; includeInIndex = 1; lastKnownFileType = text.xcconfig; name = "Pods-DemoTests.debug.xcconfig"; path = "Target Support Files/Pods-DemoTests/Pods-DemoTests.debug.xcconfig"; sourceTree = "<group>"; };
/* End PBXFileReference section */

/* Begin PBXFrameworksBuildPhase section */
		811996B222CDE27000AFE4B4 /* Frameworks */ = {
			isa = PBXFrameworksBuildPhase;
			buildActionMask = 2147483647;
			files = (
				47FE45DF56FAF65E00E13C29 /* libPods-Demo.a in Frameworks */,
			);
			runOnlyForDeploymentPostprocessing = 0;
		};
		811996CA22CDE27100AFE4B4 /* Frameworks */ = {
			isa = PBXFrameworksBuildPhase;
			buildActionMask = 2147483647;
			files = (
				17F1CABEBEB40432BFB20FA0 /* libPods-DemoTests.a in Frameworks */,
			);
			runOnlyForDeploymentPostprocessing = 0;
		};
		811996D522CDE27100AFE4B4 /* Frameworks */ = {
			isa = PBXFrameworksBuildPhase;
			buildActionMask = 2147483647;
			files = (
				A8DFD75BE199E33EE7FC97AB /* libPods-DemoUITests.a in Frameworks */,
			);
			runOnlyForDeploymentPostprocessing = 0;
		};
/* End PBXFrameworksBuildPhase section */

/* Begin PBXGroup section */
		7D8683B070E1A679FF2FC184 /* Frameworks */ = {
			isa = PBXGroup;
			children = (
				A70719DC5C0B7C857B3A4C44 /* libPods-Demo.a */,
				5ED803064D6EF68594BD5572 /* libPods-DemoTests.a */,
				446BC370A5318A17621195B3 /* libPods-DemoUITests.a */,
			);
			name = Frameworks;
			sourceTree = "<group>";
		};
		811996AC22CDE27000AFE4B4 = {
			isa = PBXGroup;
			children = (
				811996B722CDE27000AFE4B4 /* Demo */,
				811996D022CDE27100AFE4B4 /* DemoTests */,
				811996DB22CDE27100AFE4B4 /* DemoUITests */,
				811996B622CDE27000AFE4B4 /* Products */,
				E6D827F929DFED92479AF603 /* Pods */,
				7D8683B070E1A679FF2FC184 /* Frameworks */,
			);
			sourceTree = "<group>";
		};
		811996B622CDE27000AFE4B4 /* Products */ = {
			isa = PBXGroup;
			children = (
				811996B522CDE27000AFE4B4 /* Demo.app */,
				811996CD22CDE27100AFE4B4 /* DemoTests.xctest */,
				811996D822CDE27100AFE4B4 /* DemoUITests.xctest */,
			);
			name = Products;
			sourceTree = "<group>";
		};
		811996B722CDE27000AFE4B4 /* Demo */ = {
			isa = PBXGroup;
			children = (
				811996B822CDE27000AFE4B4 /* AppDelegate.h */,
				811996B922CDE27000AFE4B4 /* AppDelegate.m */,
				811996BB22CDE27000AFE4B4 /* ViewController.h */,
				811996BC22CDE27000AFE4B4 /* ViewController.m */,
				811996BE22CDE27000AFE4B4 /* Main.storyboard */,
				811996C122CDE27100AFE4B4 /* Assets.xcassets */,
				811996C322CDE27100AFE4B4 /* LaunchScreen.storyboard */,
				811996C622CDE27100AFE4B4 /* Info.plist */,
				811996C722CDE27100AFE4B4 /* main.m */,
			);
			path = Demo;
			sourceTree = "<group>";
		};
		811996D022CDE27100AFE4B4 /* DemoTests */ = {
			isa = PBXGroup;
			children = (
				811996D122CDE27100AFE4B4 /* DemoTests.m */,
				811996D322CDE27100AFE4B4 /* Info.plist */,
			);
			path = DemoTests;
			sourceTree = "<group>";
		};
		811996DB22CDE27100AFE4B4 /* DemoUITests */ = {
			isa = PBXGroup;
			children = (
				811996DC22CDE27100AFE4B4 /* DemoUITests.m */,
				811996DE22CDE27100AFE4B4 /* Info.plist */,
			);
			path = DemoUITests;
			sourceTree = "<group>";
		};
		E6D827F929DFED92479AF603 /* Pods */ = {
			isa = PBXGroup;
			children = (
				4157FB3404ECC2A119A7AEF8 /* Pods-Demo.debug.xcconfig */,
				8993E0B8594E9657C4675FBC /* Pods-Demo.release.xcconfig */,
				CC541745B16B17FEAC9B1F01 /* Pods-DemoTests.debug.xcconfig */,
				0F1A5FBA66F78F86D94FE921 /* Pods-DemoTests.release.xcconfig */,
				30CE467A431B3FA6775E48F8 /* Pods-DemoUITests.debug.xcconfig */,
				AC9F85AEB7423A37F117BBC8 /* Pods-DemoUITests.release.xcconfig */,
			);
			name = Pods;
			path = Pods;
			sourceTree = "<group>";
		};
/* End PBXGroup section */

/* Begin PBXNativeTarget section */
		811996B422CDE27000AFE4B4 /* Demo */ = {
			isa = PBXNativeTarget;
			buildConfigurationList = 811996E122CDE27100AFE4B4 /* Build configuration list for PBXNativeTarget "Demo" */;
			buildPhases = (
				B54B303FCF125C232817ED31 /* [CP] Check Pods Manifest.lock */,
				811996B122CDE27000AFE4B4 /* Sources */,
				811996B222CDE27000AFE4B4 /* Frameworks */,
				811996B322CDE27000AFE4B4 /* Resources */,
			);
			buildRules = (
			);
			dependencies = (
			);
			name = Demo;
			productName = Demo;
			productReference = 811996B522CDE27000AFE4B4 /* Demo.app */;
			productType = "com.apple.product-type.application";
		};
		811996CC22CDE27100AFE4B4 /* DemoTests */ = {
			isa = PBXNativeTarget;
			buildConfigurationList = 811996E422CDE27100AFE4B4 /* Build configuration list for PBXNativeTarget "DemoTests" */;
			buildPhases = (
				3C3AA236A0A55C0E84FBE7B6 /* [CP] Check Pods Manifest.lock */,
				811996C922CDE27100AFE4B4 /* Sources */,
				811996CA22CDE27100AFE4B4 /* Frameworks */,
				811996CB22CDE27100AFE4B4 /* Resources */,
			);
			buildRules = (
			);
			dependencies = (
				811996CF22CDE27100AFE4B4 /* PBXTargetDependency */,
			);
			name = DemoTests;
			productName = DemoTests;
			productReference = 811996CD22CDE27100AFE4B4 /* DemoTests.xctest */;
			productType = "com.apple.product-type.bundle.unit-test";
		};
		811996D722CDE27100AFE4B4 /* DemoUITests */ = {
			isa = PBXNativeTarget;
			buildConfigurationList = 811996E722CDE27100AFE4B4 /* Build configuration list for PBXNativeTarget "DemoUITests" */;
			buildPhases = (
				E72EB2F8A1C5AD4E0642D8FE /* [CP] Check Pods Manifest.lock */,
				811996D422CDE27100AFE4B4 /* Sources */,
				811996D522CDE27100AFE4B4 /* Frameworks */,
				811996D622CDE27100AFE4B4 /* Resources */,
			);
			buildRules = (
			);
			dependencies = (
				811996DA22CDE27100AFE4B4 /* PBXTargetDependency */,
			);
			name = DemoUITests;
			productName = DemoUITests;
			productReference = 811996D822CDE27100AFE4B4 /* DemoUITests.xctest */;
			productType = "com.apple.product-type.bundle.ui-testing";
		};
/* End PBXNativeTarget section */

/* Begin PBXProject section */
		811996AD22CDE27000AFE4B4 /* Project object */ = {
			isa = PBXProject;
			attributes = {
				LastUpgradeCheck = 1020;
				ORGANIZATIONNAME = "iOS Developer";
				TargetAttributes = {
					811996B422CDE27000AFE4B4 = {
						CreatedOnToolsVersion = 10.2;
					};
					811996CC22CDE27100AFE4B4 = {
						CreatedOnToolsVersion = 10.2;
						TestTargetID = 811996B422CDE27000AFE4B4;
					};
					811996D722CDE27100AFE4B4 = {
						CreatedOnToolsVersion = 10.2;
						TestTargetID = 811996B422CDE27000AFE4B4;
					};
				};
			};
			buildConfigurationList = 811996B022CDE27000AFE4B4 /* Build configuration list for PBXProject "Demo" */;
			compatibilityVersion = "Xcode 9.3";
			developmentRegion = en;
			hasScannedForEncodings = 0;
			knownRegions = (
				en,
				Base,
			);
			mainGroup = 811996AC22CDE27000AFE4B4;
			productRefGroup = 811996B622CDE27000AFE4B4 /* Products */;
			projectDirPath = "";
			projectRoot = "";
			targets = (
				811996B422CDE27000AFE4B4 /* Demo */,
				811996CC22CDE27100AFE4B4 /* DemoTests */,
				811996D722CDE27100AFE4B4 /* DemoUITests */,
			);
		};
/* End PBXProject section */

/* Begin PBXResourcesBuildPhase section */
		811996B322CDE27000AFE4B4 /* Resources */ = {
			isa = PBXResourcesBuildPhase;
			buildActionMask = 2147483647;
			files = (
				811996C522CDE27100AFE4B4 /* LaunchScreen.storyboard in Resources */,
				811996C222CDE27100AFE4B4 /* Assets.xcassets in Resources */,
				811996C022CDE27000AFE4B4 /* Main.storyboard in Resources */,
			);
			runOnlyForDeploymentPostprocessing = 0;
		};
		811996CB22CDE27100AFE4B4 /* Resources */ = {
			isa = PBXResourcesBuildPhase;
			buildActionMask = 2147483647;
			files = (
			);
			runOnlyForDeploymentPostprocessing = 0;
		};
		811996D622CDE27100AFE4B4 /* Resources */ = {
			isa = PBXResourcesBuildPhase;
			buildActionMask = 2147483647;
			files = (
			);
			runOnlyForDeploymentPostprocessing = 0;
		};
/* End PBXResourcesBuildPhase section */

/* Begin PBXShellScriptBuildPhase section */
		3C3AA236A0A55C0E84FBE7B6 /* [CP] Check Pods Manifest.lock */ = {
			isa = PBXShellScriptBuildPhase;
			buildActionMask = 2147483647;
			files = (
			);
			inputFileListPaths = (
			);
			inputPaths = (
				"${PODS_PODFILE_DIR_PATH}/Podfile.lock",
				"${PODS_ROOT}/Manifest.lock",
			);
			name = "[CP] Check Pods Manifest.lock";
			outputFileListPaths = (
			);
			outputPaths = (
				"$(DERIVED_FILE_DIR)/Pods-DemoTests-checkManifestLockResult.txt",
			);
			runOnlyForDeploymentPostprocessing = 0;
			shellPath = /bin/sh;
			shellScript = "diff \"${PODS_PODFILE_DIR_PATH}/Podfile.lock\" \"${PODS_ROOT}/Manifest.lock\" > /dev/null\nif [ $? != 0 ] ; then\n    # print error to STDERR\n    echo \"error: The sandbox is not in sync with the Podfile.lock. Run 'pod install' or update your CocoaPods installation.\" >&2\n    exit 1\nfi\n# This output is used by Xcode 'outputs' to avoid re-running this script phase.\necho \"SUCCESS\" > \"${SCRIPT_OUTPUT_FILE_0}\"\n";
			showEnvVarsInLog = 0;
		};
		B54B303FCF125C232817ED31 /* [CP] Check Pods Manifest.lock */ = {
			isa = PBXShellScriptBuildPhase;
			buildActionMask = 2147483647;
			files = (
			);
			inputFileListPaths = (
			);
			inputPaths = (
				"${PODS_PODFILE_DIR_PATH}/Podfile.lock",
				"${PODS_ROOT}/Manifest.lock",
			);
			name = "[CP] Check Pods Manifest.lock";
			outputFileListPaths = (
			);
			outputPaths = (
				"$(DERIVED_FILE_DIR)/Pods-Demo-checkManifestLockResult.txt",
			);
			runOnlyForDeploymentPostprocessing = 0;
			shellPath = /bin/sh;
			shellScript = "diff \"${PODS_PODFILE_DIR_PATH}/Podfile.lock\" \"${PODS_ROOT}/Manifest.lock\" > /dev/null\nif [ $? != 0 ] ; then\n    # print error to STDERR\n    echo \"error: The sandbox is not in sync with the Podfile.lock. Run 'pod install' or update your CocoaPods installation.\" >&2\n    exit 1\nfi\n# This output is used by Xcode 'outputs' to avoid re-running this script phase.\necho \"SUCCESS\" > \"${SCRIPT_OUTPUT_FILE_0}\"\n";
			showEnvVarsInLog = 0;
		};
		E72EB2F8A1C5AD4E0642D8FE /* [CP] Check Pods Manifest.lock */ = {
			isa = PBXShellScriptBuildPhase;
			buildActionMask = 2147483647;
			files = (
			);
			inputFileListPaths = (
			);
			inputPaths = (
				"${PODS_PODFILE_DIR_PATH}/Podfile.lock",
				"${PODS_ROOT}/Manifest.lock",
			);
			name = "[CP] Check Pods Manifest.lock";
			outputFileListPaths = (
			);
			outputPaths = (
				"$(DERIVED_FILE_DIR)/Pods-DemoUITests-checkManifestLockResult.txt",
			);
			runOnlyForDeploymentPostprocessing = 0;
			shellPath = /bin/sh;
			shellScript = "diff \"${PODS_PODFILE_DIR_PATH}/Podfile.lock\" \"${PODS_ROOT}/Manifest.lock\" > /dev/null\nif [ $? != 0 ] ; then\n    # print error to STDERR\n    echo \"error: The sandbox is not in sync with the Podfile.lock. Run 'pod install' or update your CocoaPods installation.\" >&2\n    exit 1\nfi\n# This output is used by Xcode 'outputs' to avoid re-running this script phase.\necho \"SUCCESS\" > \"${SCRIPT_OUTPUT_FILE_0}\"\n";
			showEnvVarsInLog = 0;
		};
/* End PBXShellScriptBuildPhase section */

/* Begin PBXSourcesBuildPhase section */
		811996B122CDE27000AFE4B4 /* Sources */ = {
			isa = PBXSourcesBuildPhase;
			buildActionMask = 2147483647;
			files = (
				811996BD22CDE27000AFE4B4 /* ViewController.m in Sources */,
				811996C822CDE27100AFE4B4 /* main.m in Sources */,
				811996BA22CDE27000AFE4B4 /* AppDelegate.m in Sources */,
			);
			runOnlyForDeploymentPostprocessing = 0;
		};
		811996C922CDE27100AFE4B4 /* Sources */ = {
			isa = PBXSourcesBuildPhase;
			buildActionMask = 2147483647;
			files = (
				811996D222CDE27100AFE4B4 /* DemoTests.m in Sources */,
			);
			runOnlyForDeploymentPostprocessing = 0;
		};
		811996D422CDE27100AFE4B4 /* Sources */ = {
			isa = PBXSourcesBuildPhase;
			buildActionMask = 2147483647;
			files = (
				811996DD22CDE27100AFE4B4 /* DemoUITests.m in Sources */,
			);
			runOnlyForDeploymentPostprocessing = 0;
		};
/* End PBXSourcesBuildPhase section */

/* Begin PBXTargetDependency section */
		811996CF22CDE27100AFE4B4 /* PBXTargetDependency */ = {
			isa = PBXTargetDependency;
			target = 811996B422CDE27000AFE4B4 /* Demo */;
			targetProxy = 811996CE22CDE27100AFE4B4 /* PBXContainerItemProxy */;
		};
		811996DA22CDE27100AFE4B4 /* PBXTargetDependency */ = {
			isa = PBXTargetDependency;
			target = 811996B422CDE27000AFE4B4 /* Demo */;
			targetProxy = 811996D922CDE27100AFE4B4 /* PBXContainerItemProxy */;
		};
/* End PBXTargetDependency section */

/* Begin PBXVariantGroup section */
		811996BE22CDE27000AFE4B4 /* Main.storyboard */ = {
			isa = PBXVariantGroup;
			children = (
				811996BF22CDE27000AFE4B4 /* Base */,
			);
			name = Main.storyboard;
			sourceTree = "<group>";
		};
		811996C322CDE27100AFE4B4 /* LaunchScreen.storyboard */ = {
			isa = PBXVariantGroup;
			children = (
				811996C422CDE27100AFE4B4 /* Base */,
			);
			name = LaunchScreen.storyboard;
			sourceTree = "<group>";
		};
/* End PBXVariantGroup section */

/* Begin XCBuildConfiguration section */
		811996DF22CDE27100AFE4B4 /* Debug */ = {
			isa = XCBuildConfiguration;
			buildSettings = {
				ALWAYS_SEARCH_USER_PATHS = NO;
				CLANG_ANALYZER_NONNULL = YES;
				CLANG_ANALYZER_NUMBER_OBJECT_CONVERSION = YES_AGGRESSIVE;
				CLANG_CXX_LANGUAGE_STANDARD = "gnu++14";
				CLANG_CXX_LIBRARY = "libc++";
				CLANG_ENABLE_MODULES = YES;
				CLANG_ENABLE_OBJC_ARC = YES;
				CLANG_ENABLE_OBJC_WEAK = YES;
				CLANG_WARN_BLOCK_CAPTURE_AUTORELEASING = YES;
				CLANG_WARN_BOOL_CONVERSION = YES;
				CLANG_WARN_COMMA = YES;
				CLANG_WARN_CONSTANT_CONVERSION = YES;
				CLANG_WARN_DEPRECATED_OBJC_IMPLEMENTATIONS = YES;
				CLANG_WARN_DIRECT_OBJC_ISA_USAGE = YES_ERROR;
				CLANG_WARN_DOCUMENTATION_COMMENTS = YES;
				CLANG_WARN_EMPTY_BODY = YES;
				CLANG_WARN_ENUM_CONVERSION = YES;
				CLANG_WARN_INFINITE_RECURSION = YES;
				CLANG_WARN_INT_CONVERSION = YES;
				CLANG_WARN_NON_LITERAL_NULL_CONVERSION = YES;
				CLANG_WARN_OBJC_IMPLICIT_RETAIN_SELF = YES;
				CLANG_WARN_OBJC_LITERAL_CONVERSION = YES;
				CLANG_WARN_OBJC_ROOT_CLASS = YES_ERROR;
				CLANG_WARN_RANGE_LOOP_ANALYSIS = YES;
				CLANG_WARN_STRICT_PROTOTYPES = YES;
				CLANG_WARN_SUSPICIOUS_MOVE = YES;
				CLANG_WARN_UNGUARDED_AVAILABILITY = YES_AGGRESSIVE;
				CLANG_WARN_UNREACHABLE_CODE = YES;
				CLANG_WARN__DUPLICATE_METHOD_MATCH = YES;
				CODE_SIGN_IDENTITY = "iPhone Developer";
				COPY_PHASE_STRIP = NO;
				DEBUG_INFORMATION_FORMAT = dwarf;
				ENABLE_STRICT_OBJC_MSGSEND = YES;
				ENABLE_TESTABILITY = YES;
				GCC_C_LANGUAGE_STANDARD = gnu11;
				GCC_DYNAMIC_NO_PIC = NO;
				GCC_NO_COMMON_BLOCKS = YES;
				GCC_OPTIMIZATION_LEVEL = 0;
				GCC_PREPROCESSOR_DEFINITIONS = (
					"DEBUG=1",
					"$(inherited)",
				);
				GCC_WARN_64_TO_32_BIT_CONVERSION = YES;
				GCC_WARN_ABOUT_RETURN_TYPE = YES_ERROR;
				GCC_WARN_UNDECLARED_SELECTOR = YES;
				GCC_WARN_UNINITIALIZED_AUTOS = YES_AGGRESSIVE;
				GCC_WARN_UNUSED_FUNCTION = YES;
				GCC_WARN_UNUSED_VARIABLE = YES;
				IPHONEOS_DEPLOYMENT_TARGET = 12.2;
				MTL_ENABLE_DEBUG_INFO = INCLUDE_SOURCE;
				MTL_FAST_MATH = YES;
				ONLY_ACTIVE_ARCH = YES;
				SDKROOT = iphoneos;
			};
			name = Debug;
		};
		811996E022CDE27100AFE4B4 /* Release */ = {
			isa = XCBuildConfiguration;
			buildSettings = {
				ALWAYS_SEARCH_USER_PATHS = NO;
				CLANG_ANALYZER_NONNULL = YES;
				CLANG_ANALYZER_NUMBER_OBJECT_CONVERSION = YES_AGGRESSIVE;
				CLANG_CXX_LANGUAGE_STANDARD = "gnu++14";
				CLANG_CXX_LIBRARY = "libc++";
				CLANG_ENABLE_MODULES = YES;
				CLANG_ENABLE_OBJC_ARC = YES;
				CLANG_ENABLE_OBJC_WEAK = YES;
				CLANG_WARN_BLOCK_CAPTURE_AUTORELEASING = YES;
				CLANG_WARN_BOOL_CONVERSION = YES;
				CLANG_WARN_COMMA = YES;
				CLANG_WARN_CONSTANT_CONVERSION = YES;
				CLANG_WARN_DEPRECATED_OBJC_IMPLEMENTATIONS = YES;
				CLANG_WARN_DIRECT_OBJC_ISA_USAGE = YES_ERROR;
				CLANG_WARN_DOCUMENTATION_COMMENTS = YES;
				CLANG_WARN_EMPTY_BODY = YES;
				CLANG_WARN_ENUM_CONVERSION = YES;
				CLANG_WARN_INFINITE_RECURSION = YES;
				CLANG_WARN_INT_CONVERSION = YES;
				CLANG_WARN_NON_LITERAL_NULL_CONVERSION = YES;
				CLANG_WARN_OBJC_IMPLICIT_RETAIN_SELF = YES;
				CLANG_WARN_OBJC_LITERAL_CONVERSION = YES;
				CLANG_WARN_OBJC_ROOT_CLASS = YES_ERROR;
				CLANG_WARN_RANGE_LOOP_ANALYSIS = YES;
				CLANG_WARN_STRICT_PROTOTYPES = YES;
				CLANG_WARN_SUSPICIOUS_MOVE = YES;
				CLANG_WARN_UNGUARDED_AVAILABILITY = YES_AGGRESSIVE;
				CLANG_WARN_UNREACHABLE_CODE = YES;
				CLANG_WARN__DUPLICATE_METHOD_MATCH = YES;
				CODE_SIGN_IDENTITY = "iPhone Developer";
				COPY_PHASE_STRIP = NO;
				DEBUG_INFORMATION_FORMAT = "dwarf-with-dsym";
				ENABLE_NS_ASSERTIONS = NO;
				ENABLE_STRICT_OBJC_MSGSEND = YES;
				GCC_C_LANGUAGE_STANDARD = gnu11;
				GCC_NO_COMMON_BLOCKS = YES;
				GCC_WARN_64_TO_32_BIT_CONVERSION = YES;
				GCC_WARN_ABOUT_RETURN_TYPE = YES_ERROR;
				GCC_WARN_UNDECLARED_SELECTOR = YES;
				GCC_WARN_UNINITIALIZED_AUTOS = YES_AGGRESSIVE;
				GCC_WARN_UNUSED_FUNCTION = YES;
				GCC_WARN_UNUSED_VARIABLE = YES;
				IPHONEOS_DEPLOYMENT_TARGET = 12.2;
				MTL_ENABLE_DEBUG_INFO = NO;
				MTL_FAST_MATH = YES;
				SDKROOT = iphoneos;
				VALIDATE_PRODUCT = YES;
			};
			name = Release;
		};
		811996E222CDE27100AFE4B4 /* Debug */ = {
			isa = XCBuildConfiguration;
			baseConfigurationReference = 4157FB3404ECC2A119A7AEF8 /* Pods-Demo.debug.xcconfig */;
			buildSettings = {
				ASSETCATALOG_COMPILER_APPICON_NAME = AppIcon;
				CODE_SIGN_STYLE = Automatic;
				INFOPLIST_FILE = Demo/Info.plist;
				LD_RUNPATH_SEARCH_PATHS = (
					"$(inherited)",
					"@executable_path/Frameworks",
				);
				PRODUCT_BUNDLE_IDENTIFIER = con.demo.Demo;
				PRODUCT_NAME = "$(TARGET_NAME)";
				TARGETED_DEVICE_FAMILY = "1,2";
			};
			name = Debug;
		};
		811996E322CDE27100AFE4B4 /* Release */ = {
			isa = XCBuildConfiguration;
			baseConfigurationReference = 8993E0B8594E9657C4675FBC /* Pods-Demo.release.xcconfig */;
			buildSettings = {
				ASSETCATALOG_COMPILER_APPICON_NAME = AppIcon;
				CODE_SIGN_STYLE = Automatic;
				INFOPLIST_FILE = Demo/Info.plist;
				LD_RUNPATH_SEARCH_PATHS = (
					"$(inherited)",
					"@executable_path/Frameworks",
				);
				PRODUCT_BUNDLE_IDENTIFIER = con.demo.Demo;
				PRODUCT_NAME = "$(TARGET_NAME)";
				TARGETED_DEVICE_FAMILY = "1,2";
			};
			name = Release;
		};
		811996E522CDE27100AFE4B4 /* Debug */ = {
			isa = XCBuildConfiguration;
			baseConfigurationReference = CC541745B16B17FEAC9B1F01 /* Pods-DemoTests.debug.xcconfig */;
			buildSettings = {
				BUNDLE_LOADER = "$(TEST_HOST)";
				CODE_SIGN_STYLE = Automatic;
				INFOPLIST_FILE = DemoTests/Info.plist;
				LD_RUNPATH_SEARCH_PATHS = (
					"$(inherited)",
					"@executable_path/Frameworks",
					"@loader_path/Frameworks",
				);
				PRODUCT_BUNDLE_IDENTIFIER = con.demo.DemoTests;
				PRODUCT_NAME = "$(TARGET_NAME)";
				TARGETED_DEVICE_FAMILY = "1,2";
				TEST_HOST = "$(BUILT_PRODUCTS_DIR)/Demo.app/Demo";
			};
			name = Debug;
		};
		811996E622CDE27100AFE4B4 /* Release */ = {
			isa = XCBuildConfiguration;
			baseConfigurationReference = 0F1A5FBA66F78F86D94FE921 /* Pods-DemoTests.release.xcconfig */;
			buildSettings = {
				BUNDLE_LOADER = "$(TEST_HOST)";
				CODE_SIGN_STYLE = Automatic;
				INFOPLIST_FILE = DemoTests/Info.plist;
				LD_RUNPATH_SEARCH_PATHS = (
					"$(inherited)",
					"@executable_path/Frameworks",
					"@loader_path/Frameworks",
				);
				PRODUCT_BUNDLE_IDENTIFIER = con.demo.DemoTests;
				PRODUCT_NAME = "$(TARGET_NAME)";
				TARGETED_DEVICE_FAMILY = "1,2";
				TEST_HOST = "$(BUILT_PRODUCTS_DIR)/Demo.app/Demo";
			};
			name = Release;
		};
		811996E822CDE27100AFE4B4 /* Debug */ = {
			isa = XCBuildConfiguration;
			baseConfigurationReference = 30CE467A431B3FA6775E48F8 /* Pods-DemoUITests.debug.xcconfig */;
			buildSettings = {
				CODE_SIGN_STYLE = Automatic;
				INFOPLIST_FILE = DemoUITests/Info.plist;
				LD_RUNPATH_SEARCH_PATHS = (
					"$(inherited)",
					"@executable_path/Frameworks",
					"@loader_path/Frameworks",
				);
				PRODUCT_BUNDLE_IDENTIFIER = con.demo.DemoUITests;
				PRODUCT_NAME = "$(TARGET_NAME)";
				TARGETED_DEVICE_FAMILY = "1,2";
				TEST_TARGET_NAME = Demo;
			};
			name = Debug;
		};
		811996E922CDE27100AFE4B4 /* Release */ = {
			isa = XCBuildConfiguration;
			baseConfigurationReference = AC9F85AEB7423A37F117BBC8 /* Pods-DemoUITests.release.xcconfig */;
			buildSettings = {
				CODE_SIGN_STYLE = Automatic;
				INFOPLIST_FILE = DemoUITests/Info.plist;
				LD_RUNPATH_SEARCH_PATHS = (
					"$(inherited)",
					"@executable_path/Frameworks",
					"@loader_path/Frameworks",
				);
				PRODUCT_BUNDLE_IDENTIFIER = con.demo.DemoUITests;
				PRODUCT_NAME = "$(TARGET_NAME)";
				TARGETED_DEVICE_FAMILY = "1,2";
				TEST_TARGET_NAME = Demo;
			};
			name = Release;
		};
/* End XCBuildConfiguration section */

/* Begin XCConfigurationList section */
		811996B022CDE27000AFE4B4 /* Build configuration list for PBXProject "Demo" */ = {
			isa = XCConfigurationList;
			buildConfigurations = (
				811996DF22CDE27100AFE4B4 /* Debug */,
				811996E022CDE27100AFE4B4 /* Release */,
			);
			defaultConfigurationIsVisible = 0;
			defaultConfigurationName = Release;
		};
		811996E122CDE27100AFE4B4 /* Build configuration list for PBXNativeTarget "Demo" */ = {
			isa = XCConfigurationList;
			buildConfigurations = (
				811996E222CDE27100AFE4B4 /* Debug */,
				811996E322CDE27100AFE4B4 /* Release */,
			);
			defaultConfigurationIsVisible = 0;
			defaultConfigurationName = Release;
		};
		811996E422CDE27100AFE4B4 /* Build configuration list for PBXNativeTarget "DemoTests" */ = {
			isa = XCConfigurationList;
			buildConfigurations = (
				811996E522CDE27100AFE4B4 /* Debug */,
				811996E622CDE27100AFE4B4 /* Release */,
			);
			defaultConfigurationIsVisible = 0;
			defaultConfigurationName = Release;
		};
		811996E722CDE27100AFE4B4 /* Build configuration list for PBXNativeTarget "DemoUITests" */ = {
			isa = XCConfigurationList;
			buildConfigurations = (
				811996E822CDE27100AFE4B4 /* Debug */,
				811996E922CDE27100AFE4B4 /* Release */,
			);
			defaultConfigurationIsVisible = 0;
			defaultConfigurationName = Release;
		};
/* End XCConfigurationList section */
	};
	rootObject = 811996AD22CDE27000AFE4B4 /* Project object */;
}
